{
  "nodes": {
    "nixpkgs": {
      "locked": {
        "lastModified": 1667653703,
        "narHash": "sha256-Xow4vx52/g5zkhlgZnMEm/TEXsj+13jTPCc2jIhW1xU=",
        "owner": "NixOS",
        "repo": "nixpkgs",
        "rev": "f09ad462c5a121d0239fde645aacb2221553a217",
        "type": "github"
      },
      "original": {
        "id": "nixpkgs",
        "ref": "nixos-22.05",
        "type": "indirect"
      }
    },
    "nixpkgs_2": {
      "locked": {
        "lastModified": 1667653703,
        "narHash": "sha256-Xow4vx52/g5zkhlgZnMEm/TEXsj+13jTPCc2jIhW1xU=",
        "owner": "NixOS",
        "repo": "nixpkgs",
        "rev": "f09ad462c5a121d0239fde645aacb2221553a217",
        "type": "github"
      },
      "original": {
        "id": "nixpkgs",
        "ref": "nixos-22.05",
        "type": "indirect"
      }
    },
    "reflection-lib": {
      "inputs": {
        "nixpkgs": "nixpkgs_2"
      },
      "locked": {
        "lastModified": 1667752973,
        "narHash": "sha256-WaV0MRwFC8ioMki9qO5e9SG1VZv6fwiqduTwYhc5ifs=",
        "ref": "master",
        "rev": "79dc7b76ac2ce2e000dc448f1932271ed98e9320",
        "revCount": 54,
        "type": "git",
        "url": "ssh://git@github.com/m0rphism/reflection-lib"
      },
      "original": {
        "type": "git",
        "url": "ssh://git@github.com/m0rphism/reflection-lib"
      }
    },
    "root": {
      "inputs": {
        "nixpkgs": "nixpkgs",
        "reflection-lib": "reflection-lib"
      }
    }
  },
  "root": "root",
  "version": 7
}
